
Microsoft Visual Studio Solution File, Format Version 12.00
# Visual Studio Version 17
VisualStudioVersion = 17.0.31903.59
MinimumVisualStudioVersion = 10.0.40219.1
Project("{FAE04EC0-301F-11D3-BF4B-00C04F79EFBC}") = "RedmoonsScripts", "RedmoonsScripts\RedmoonsScripts.csproj", "{D81A1FC6-7D0B-4EDE-8AC0-1F91A9C65436}"
EndProject
Project("{2150E333-8FDC-42A3-9474-1A3956D46DE8}") = "Splatoon", "Splatoon", "{CD51EC0B-9FEA-8AEF-BBE9-CC7FC47A59E2}"
EndProject
Project("{2150E333-8FDC-42A3-9474-1A3956D46DE8}") = "ECommons.IPC", "ECommons.IPC", "{F9F418C6-EFEE-718B-9533-083A09D11F65}"
EndProject
Project("{FAE04EC0-301F-11D3-BF4B-00C04F79EFBC}") = "ECommons.IPC", "Splatoon\ECommons.IPC\ECommons.IPC\ECommons.IPC.csproj", "{CA99F98D-22BF-4333-9DE7-BFC1E695DFF7}"
EndProject
Project("{2150E333-8FDC-42A3-9474-1A3956D46DE8}") = "ECommons", "ECommons", "{85F12C1D-FC53-3E04-FAC9-F301228A9809}"
EndProject
Project("{FAE04EC0-301F-11D3-BF4B-00C04F79EFBC}") = "ECommons", "Splatoon\ECommons\ECommons\ECommons.csproj", "{F152BE9F-9C05-40FB-A279-A71C987F3D01}"
EndProject
Project("{FAE04EC0-301F-11D3-BF4B-00C04F79EFBC}") = "Splatoon", "Splatoon\Splatoon\Splatoon.csproj", "{34D7CA1F-6EDD-4C09-9AF1-F0FFBE414847}"
EndProject
Project("{2150E333-8FDC-42A3-9474-1A3956D46DE8}") = "AutoRetainerAPI", "AutoRetainerAPI", "{65B9B366-7279-D297-9EC6-6215761262E7}"
EndProject
Project("{FAE04EC0-301F-11D3-BF4B-00C04F79EFBC}") = "AutoRetainerAPI", "Splatoon\AutoRetainerAPI\AutoRetainerAPI\AutoRetainerAPI.csproj", "{65956A2B-548B-4D2C-ACC8-4D474ED3B9CA}"
EndProject
Project("{2150E333-8FDC-42A3-9474-1A3956D46DE8}") = "NightmareUI", "NightmareUI", "{4507B8D7-726D-79FC-C12A-1D11283F56F1}"
EndProject
Project("{FAE04EC0-301F-11D3-BF4B-00C04F79EFBC}") = "NightmareUI", "Splatoon\NightmareUI\NightmareUI\NightmareUI.csproj", "{AA5086CD-B916-4B6B-A6F3-C1BC0D1751EE}"
EndProject
Project("{2150E333-8FDC-42A3-9474-1A3956D46DE8}") = "ffxiv_pictomancy", "ffxiv_pictomancy", "{B445A05D-19D6-616E-D1C4-B98EBD35D3D1}"
EndProject
Project("{FAE04EC0-301F-11D3-BF4B-00C04F79EFBC}") = "Pictomancy", "Splatoon\ffxiv_pictomancy\Pictomancy\Pictomancy.csproj", "{C8F52DBA-631C-4368-ADF4-68178C3D2B83}"
EndProject
Project("{FAE04EC0-301F-11D3-BF4B-00C04F79EFBC}") = "WrathCombo.API", "Splatoon\WrathCombo.API\WrathCombo.API.csproj", "{54F5D78A-EDE4-4CC2-996C-06CB24101E38}"
EndProject
Global
	GlobalSection(SolutionConfigurationPlatforms) = preSolution
		Debug|Any CPU = Debug|Any CPU
		Debug|x64 = Debug|x64
		Debug|x86 = Debug|x86
		Release|Any CPU = Release|Any CPU
		Release|x64 = Release|x64
		Release|x86 = Release|x86
	EndGlobalSection
	GlobalSection(ProjectConfigurationPlatforms) = postSolution
		{D81A1FC6-7D0B-4EDE-8AC0-1F91A9C65436}.Debug|Any CPU.ActiveCfg = Debug|x64
		{D81A1FC6-7D0B-4EDE-8AC0-1F91A9C65436}.Debug|Any CPU.Build.0 = Debug|x64
		{D81A1FC6-7D0B-4EDE-8AC0-1F91A9C65436}.Debug|x64.ActiveCfg = Debug|x64
		{D81A1FC6-7D0B-4EDE-8AC0-1F91A9C65436}.Debug|x64.Build.0 = Debug|x64
		{D81A1FC6-7D0B-4EDE-8AC0-1F91A9C65436}.Debug|x86.ActiveCfg = Debug|x64
		{D81A1FC6-7D0B-4EDE-8AC0-1F91A9C65436}.Debug|x86.Build.0 = Debug|x64
		{D81A1FC6-7D0B-4EDE-8AC0-1F91A9C65436}.Release|Any CPU.ActiveCfg = Release|x64
		{D81A1FC6-7D0B-4EDE-8AC0-1F91A9C65436}.Release|Any CPU.Build.0 = Release|x64
		{D81A1FC6-7D0B-4EDE-8AC0-1F91A9C65436}.Release|x64.ActiveCfg = Release|x64
		{D81A1FC6-7D0B-4EDE-8AC0-1F91A9C65436}.Release|x64.Build.0 = Release|x64
		{D81A1FC6-7D0B-4EDE-8AC0-1F91A9C65436}.Release|x86.ActiveCfg = Release|x64
		{D81A1FC6-7D0B-4EDE-8AC0-1F91A9C65436}.Release|x86.Build.0 = Release|x64
		{CA99F98D-22BF-4333-9DE7-BFC1E695DFF7}.Debug|Any CPU.ActiveCfg = Debug|x64
		{CA99F98D-22BF-4333-9DE7-BFC1E695DFF7}.Debug|Any CPU.Build.0 = Debug|x64
		{CA99F98D-22BF-4333-9DE7-BFC1E695DFF7}.Debug|x64.ActiveCfg = Debug|x64
		{CA99F98D-22BF-4333-9DE7-BFC1E695DFF7}.Debug|x64.Build.0 = Debug|x64
		{CA99F98D-22BF-4333-9DE7-BFC1E695DFF7}.Debug|x86.ActiveCfg = Debug|x64
		{CA99F98D-22BF-4333-9DE7-BFC1E695DFF7}.Debug|x86.Build.0 = Debug|x64
		{CA99F98D-22BF-4333-9DE7-BFC1E695DFF7}.Release|Any CPU.ActiveCfg = Release|x64
		{CA99F98D-22BF-4333-9DE7-BFC1E695DFF7}.Release|Any CPU.Build.0 = Release|x64
		{CA99F98D-22BF-4333-9DE7-BFC1E695DFF7}.Release|x64.ActiveCfg = Release|x64
		{CA99F98D-22BF-4333-9DE7-BFC1E695DFF7}.Release|x64.Build.0 = Release|x64
		{CA99F98D-22BF-4333-9DE7-BFC1E695DFF7}.Release|x86.ActiveCfg = Release|x64
		{CA99F98D-22BF-4333-9DE7-BFC1E695DFF7}.Release|x86.Build.0 = Release|x64
		{F152BE9F-9C05-40FB-A279-A71C987F3D01}.Debug|Any CPU.ActiveCfg = Debug|x64
		{F152BE9F-9C05-40FB-A279-A71C987F3D01}.Debug|Any CPU.Build.0 = Debug|x64
		{F152BE9F-9C05-40FB-A279-A71C987F3D01}.Debug|x64.ActiveCfg = Debug|x64
		{F152BE9F-9C05-40FB-A279-A71C987F3D01}.Debug|x64.Build.0 = Debug|x64
		{F152BE9F-9C05-40FB-A279-A71C987F3D01}.Debug|x86.ActiveCfg = Debug|x64
		{F152BE9F-9C05-40FB-A279-A71C987F3D01}.Debug|x86.Build.0 = Debug|x64
		{F152BE9F-9C05-40FB-A279-A71C987F3D01}.Release|Any CPU.ActiveCfg = Release|x64
		{F152BE9F-9C05-40FB-A279-A71C987F3D01}.Release|Any CPU.Build.0 = Release|x64
		{F152BE9F-9C05-40FB-A279-A71C987F3D01}.Release|x64.ActiveCfg = Release|x64
		{F152BE9F-9C05-40FB-A279-A71C987F3D01}.Release|x64.Build.0 = Release|x64
		{F152BE9F-9C05-40FB-A279-A71C987F3D01}.Release|x86.ActiveCfg = Release|x64
		{F152BE9F-9C05-40FB-A279-A71C987F3D01}.Release|x86.Build.0 = Release|x64
		{34D7CA1F-6EDD-4C09-9AF1-F0FFBE414847}.Debug|Any CPU.ActiveCfg = Debug|x64
		{34D7CA1F-6EDD-4C09-9AF1-F0FFBE414847}.Debug|Any CPU.Build.0 = Debug|x64
		{34D7CA1F-6EDD-4C09-9AF1-F0FFBE414847}.Debug|x64.ActiveCfg = Debug|x64
		{34D7CA1F-6EDD-4C09-9AF1-F0FFBE414847}.Debug|x64.Build.0 = Debug|x64
		{34D7CA1F-6EDD-4C09-9AF1-F0FFBE414847}.Debug|x86.ActiveCfg = Debug|x64
		{34D7CA1F-6EDD-4C09-9AF1-F0FFBE414847}.Debug|x86.Build.0 = Debug|x64
		{34D7CA1F-6EDD-4C09-9AF1-F0FFBE414847}.Release|Any CPU.ActiveCfg = Release|x64
		{34D7CA1F-6EDD-4C09-9AF1-F0FFBE414847}.Release|Any CPU.Build.0 = Release|x64
		{34D7CA1F-6EDD-4C09-9AF1-F0FFBE414847}.Release|x64.ActiveCfg = Release|x64
		{34D7CA1F-6EDD-4C09-9AF1-F0FFBE414847}.Release|x64.Build.0 = Release|x64
		{34D7CA1F-6EDD-4C09-9AF1-F0FFBE414847}.Release|x86.ActiveCfg = Release|x64
		{34D7CA1F-6EDD-4C09-9AF1-F0FFBE414847}.Release|x86.Build.0 = Release|x64
		{65956A2B-548B-4D2C-ACC8-4D474ED3B9CA}.Debug|Any CPU.ActiveCfg = Debug|x64
		{65956A2B-548B-4D2C-ACC8-4D474ED3B9CA}.Debug|Any CPU.Build.0 = Debug|x64
		{65956A2B-548B-4D2C-ACC8-4D474ED3B9CA}.Debug|x64.ActiveCfg = Debug|x64
		{65956A2B-548B-4D2C-ACC8-4D474ED3B9CA}.Debug|x64.Build.0 = Debug|x64
		{65956A2B-548B-4D2C-ACC8-4D474ED3B9CA}.Debug|x86.ActiveCfg = Debug|x64
		{65956A2B-548B-4D2C-ACC8-4D474ED3B9CA}.Debug|x86.Build.0 = Debug|x64
		{65956A2B-548B-4D2C-ACC8-4D474ED3B9CA}.Release|Any CPU.ActiveCfg = Release|x64
		{65956A2B-548B-4D2C-ACC8-4D474ED3B9CA}.Release|Any CPU.Build.0 = Release|x64
		{65956A2B-548B-4D2C-ACC8-4D474ED3B9CA}.Release|x64.ActiveCfg = Release|x64
		{65956A2B-548B-4D2C-ACC8-4D474ED3B9CA}.Release|x64.Build.0 = Release|x64
		{65956A2B-548B-4D2C-ACC8-4D474ED3B9CA}.Release|x86.ActiveCfg = Release|x64
		{65956A2B-548B-4D2C-ACC8-4D474ED3B9CA}.Release|x86.Build.0 = Release|x64
		{AA5086CD-B916-4B6B-A6F3-C1BC0D1751EE}.Debug|Any CPU.ActiveCfg = Debug|x64
		{AA5086CD-B916-4B6B-A6F3-C1BC0D1751EE}.Debug|Any CPU.Build.0 = Debug|x64
		{AA5086CD-B916-4B6B-A6F3-C1BC0D1751EE}.Debug|x64.ActiveCfg = Debug|x64
		{AA5086CD-B916-4B6B-A6F3-C1BC0D1751EE}.Debug|x64.Build.0 = Debug|x64
		{AA5086CD-B916-4B6B-A6F3-C1BC0D1751EE}.Debug|x86.ActiveCfg = Debug|x64
		{AA5086CD-B916-4B6B-A6F3-C1BC0D1751EE}.Debug|x86.Build.0 = Debug|x64
		{AA5086CD-B916-4B6B-A6F3-C1BC0D1751EE}.Release|Any CPU.ActiveCfg = Release|x64
		{AA5086CD-B916-4B6B-A6F3-C1BC0D1751EE}.Release|Any CPU.Build.0 = Release|x64
		{AA5086CD-B916-4B6B-A6F3-C1BC0D1751EE}.Release|x64.ActiveCfg = Release|x64
		{AA5086CD-B916-4B6B-A6F3-C1BC0D1751EE}.Release|x64.Build.0 = Release|x64
		{AA5086CD-B916-4B6B-A6F3-C1BC0D1751EE}.Release|x86.ActiveCfg = Release|x64
		{AA5086CD-B916-4B6B-A6F3-C1BC0D1751EE}.Release|x86.Build.0 = Release|x64
		{C8F52DBA-631C-4368-ADF4-68178C3D2B83}.Debug|Any CPU.ActiveCfg = Debug|x64
		{C8F52DBA-631C-4368-ADF4-68178C3D2B83}.Debug|Any CPU.Build.0 = Debug|x64
		{C8F52DBA-631C-4368-ADF4-68178C3D2B83}.Debug|x64.ActiveCfg = Debug|x64
		{C8F52DBA-631C-4368-ADF4-68178C3D2B83}.Debug|x64.Build.0 = Debug|x64
		{C8F52DBA-631C-4368-ADF4-68178C3D2B83}.Debug|x86.ActiveCfg = Debug|x64
		{C8F52DBA-631C-4368-ADF4-68178C3D2B83}.Debug|x86.Build.0 = Debug|x64
		{C8F52DBA-631C-4368-ADF4-68178C3D2B83}.Release|Any CPU.ActiveCfg = Release|x64
		{C8F52DBA-631C-4368-ADF4-68178C3D2B83}.Release|Any CPU.Build.0 = Release|x64
		{C8F52DBA-631C-4368-ADF4-68178C3D2B83}.Release|x64.ActiveCfg = Release|x64
		{C8F52DBA-631C-4368-ADF4-68178C3D2B83}.Release|x64.Build.0 = Release|x64
		{C8F52DBA-631C-4368-ADF4-68178C3D2B83}.Release|x86.ActiveCfg = Release|x64
		{C8F52DBA-631C-4368-ADF4-68178C3D2B83}.Release|x86.Build.0 = Release|x64
		{54F5D78A-EDE4-4CC2-996C-06CB24101E38}.Debug|Any CPU.ActiveCfg = Debug|x64
		{54F5D78A-EDE4-4CC2-996C-06CB24101E38}.Debug|Any CPU.Build.0 = Debug|x64
		{54F5D78A-EDE4-4CC2-996C-06CB24101E38}.Debug|x64.ActiveCfg = Debug|x64
		{54F5D78A-EDE4-4CC2-996C-06CB24101E38}.Debug|x64.Build.0 = Debug|x64
		{54F5D78A-EDE4-4CC2-996C-06CB24101E38}.Debug|x86.ActiveCfg = Debug|x64
		{54F5D78A-EDE4-4CC2-996C-06CB24101E38}.Debug|x86.Build.0 = Debug|x64
		{54F5D78A-EDE4-4CC2-996C-06CB24101E38}.Release|Any CPU.ActiveCfg = Release|x64
		{54F5D78A-EDE4-4CC2-996C-06CB24101E38}.Release|Any CPU.Build.0 = Release|x64
		{54F5D78A-EDE4-4CC2-996C-06CB24101E38}.Release|x64.ActiveCfg = Release|x64
		{54F5D78A-EDE4-4CC2-996C-06CB24101E38}.Release|x64.Build.0 = Release|x64
		{54F5D78A-EDE4-4CC2-996C-06CB24101E38}.Release|x86.ActiveCfg = Release|x64
		{54F5D78A-EDE4-4CC2-996C-06CB24101E38}.Release|x86.Build.0 = Release|x64
	EndGlobalSection
	GlobalSection(SolutionProperties) = preSolution
		HideSolutionNode = FALSE
	EndGlobalSection
	GlobalSection(NestedProjects) = preSolution
		{F9F418C6-EFEE-718B-9533-083A09D11F65} = {CD51EC0B-9FEA-8AEF-BBE9-CC7FC47A59E2}
		{CA99F98D-22BF-4333-9DE7-BFC1E695DFF7} = {F9F418C6-EFEE-718B-9533-083A09D11F65}
		{85F12C1D-FC53-3E04-FAC9-F301228A9809} = {CD51EC0B-9FEA-8AEF-BBE9-CC7FC47A59E2}
		{F152BE9F-9C05-40FB-A279-A71C987F3D01} = {85F12C1D-FC53-3E04-FAC9-F301228A9809}
		{34D7CA1F-6EDD-4C09-9AF1-F0FFBE414847} = {CD51EC0B-9FEA-8AEF-BBE9-CC7FC47A59E2}
		{65B9B366-7279-D297-9EC6-6215761262E7} = {CD51EC0B-9FEA-8AEF-BBE9-CC7FC47A59E2}
		{65956A2B-548B-4D2C-ACC8-4D474ED3B9CA} = {65B9B366-7279-D297-9EC6-6215761262E7}
		{4507B8D7-726D-79FC-C12A-1D11283F56F1} = {CD51EC0B-9FEA-8AEF-BBE9-CC7FC47A59E2}
		{AA5086CD-B916-4B6B-A6F3-C1BC0D1751EE} = {4507B8D7-726D-79FC-C12A-1D11283F56F1}
		{B445A05D-19D6-616E-D1C4-B98EBD35D3D1} = {CD51EC0B-9FEA-8AEF-BBE9-CC7FC47A59E2}
		{C8F52DBA-631C-4368-ADF4-68178C3D2B83} = {B445A05D-19D6-616E-D1C4-B98EBD35D3D1}
		{54F5D78A-EDE4-4CC2-996C-06CB24101E38} = {CD51EC0B-9FEA-8AEF-BBE9-CC7FC47A59E2}
	EndGlobalSection
EndGlobal
